
Microsoft Visual Studio Solution File, Format Version 12.00
# Visual Studio Version 16
VisualStudioVersion = 16.0.29430.225
MinimumVisualStudioVersion = 10.0.40219.1
Project("{9A19103F-16F7-4668-BE54-9A1E7A4F7556}") = "GoogleFormsLoadFormStructure", "GoogleFormsExperiment\GoogleFormsLoadFormStructure.csproj", "{7491CA2C-9D80-46F2-9678-DC74F23AAEF9}"
EndProject
Project("{9A19103F-16F7-4668-BE54-9A1E7A4F7556}") = "GoogleFormsSubmitFormData", "GoogleFormsSubmitFormData\GoogleFormsSubmitFormData.csproj", "{06C13822-6B49-4C30-9561-2E03C8C5F838}"
EndProject
Project("{FAE04EC0-301F-11D3-BF4B-00C04F79EFBC}") = "GoogleFormsScrapeOffFieldIDs", "GoogleFormsScrapeOffFieldIDs\GoogleFormsScrapeOffFieldIDs.csproj", "{4476725B-8B92-4A3E-961C-390C081B0554}"
EndProject
Global
	GlobalSection(SolutionConfigurationPlatforms) = preSolution
		Debug|Any CPU = Debug|Any CPU
		Release|Any CPU = Release|Any CPU
	EndGlobalSection
	GlobalSection(ProjectConfigurationPlatforms) = postSolution
		{7491CA2C-9D80-46F2-9678-DC74F23AAEF9}.Debug|Any CPU.ActiveCfg = Debug|Any CPU
		{7491CA2C-9D80-46F2-9678-DC74F23AAEF9}.Debug|Any CPU.Build.0 = Debug|Any CPU
		{7491CA2C-9D80-46F2-9678-DC74F23AAEF9}.Release|Any CPU.ActiveCfg = Release|Any CPU
		{7491CA2C-9D80-46F2-9678-DC74F23AAEF9}.Release|Any CPU.Build.0 = Release|Any CPU
		{06C13822-6B49-4C30-9561-2E03C8C5F838}.Debug|Any CPU.ActiveCfg = Debug|Any CPU
		{06C13822-6B49-4C30-9561-2E03C8C5F838}.Debug|Any CPU.Build.0 = Debug|Any CPU
		{06C13822-6B49-4C30-9561-2E03C8C5F838}.Release|Any CPU.ActiveCfg = Release|Any CPU
		{06C13822-6B49-4C30-9561-2E03C8C5F838}.Release|Any CPU.Build.0 = Release|Any CPU
		{4476725B-8B92-4A3E-961C-390C081B0554}.Debug|Any CPU.ActiveCfg = Debug|Any CPU
		{4476725B-8B92-4A3E-961C-390C081B0554}.Debug|Any CPU.Build.0 = Debug|Any CPU
		{4476725B-8B92-4A3E-961C-390C081B0554}.Release|Any CPU.ActiveCfg = Release|Any CPU
		{4476725B-8B92-4A3E-961C-390C081B0554}.Release|Any CPU.Build.0 = Release|Any CPU
	EndGlobalSection
	GlobalSection(SolutionProperties) = preSolution
		HideSolutionNode = FALSE
	EndGlobalSection
	GlobalSection(ExtensibilityGlobals) = postSolution
		SolutionGuid = {5FBF5449-516E-4C1F-BBF1-51DF47584E99}
	EndGlobalSection
EndGlobal
